
Microsoft Visual Studio Solution File, Format Version 12.00
# Visual Studio Version 17
VisualStudioVersion = 17.0.32112.339
MinimumVisualStudioVersion = 10.0.40219.1
Project("{FAE04EC0-301F-11D3-BF4B-00C04F79EFBC}") = "Atividade7_AcademiadoProgramador.ConsoleApp", "Atividade7_AcademiadoProgramador.ConsoleApp\Atividade7_AcademiadoProgramador.ConsoleApp.csproj", "{DDAFBBB0-EE5B-4EAB-A228-094275002178}"
EndProject
Global
	GlobalSection(SolutionConfigurationPlatforms) = preSolution
		Debug|Any CPU = Debug|Any CPU
		Release|Any CPU = Release|Any CPU
	EndGlobalSection
	GlobalSection(ProjectConfigurationPlatforms) = postSolution
		{DDAFBBB0-EE5B-4EAB-A228-094275002178}.Debug|Any CPU.ActiveCfg = Debug|Any CPU
		{DDAFBBB0-EE5B-4EAB-A228-094275002178}.Debug|Any CPU.Build.0 = Debug|Any CPU
		{DDAFBBB0-EE5B-4EAB-A228-094275002178}.Release|Any CPU.ActiveCfg = Release|Any CPU
		{DDAFBBB0-EE5B-4EAB-A228-094275002178}.Release|Any CPU.Build.0 = Release|Any CPU
	EndGlobalSection
	GlobalSection(SolutionProperties) = preSolution
		HideSolutionNode = FALSE
	EndGlobalSection
	GlobalSection(ExtensibilityGlobals) = postSolution
		SolutionGuid = {3F687E6F-2740-4D1F-8ED4-BE680A4C0FDF}
	EndGlobalSection
EndGlobal
